
Microsoft Visual Studio Solution File, Format Version 12.00
# Visual Studio 2012
Project("{FAE04EC0-301F-11D3-BF4B-00C04F79EFBC}") = "GC_Panel", "GC_Panel\GC_Panel.csproj", "{AAF2218F-F2D0-45B1-9935-00F75A105DE1}"
EndProject
Global
	GlobalSection(SolutionConfigurationPlatforms) = preSolution
		Debug|Any CPU = Debug|Any CPU
		Release|Any CPU = Release|Any CPU
	EndGlobalSection
	GlobalSection(ProjectConfigurationPlatforms) = postSolution
		{AAF2218F-F2D0-45B1-9935-00F75A105DE1}.Debug|Any CPU.ActiveCfg = Debug|Any CPU
		{AAF2218F-F2D0-45B1-9935-00F75A105DE1}.Debug|Any CPU.Build.0 = Debug|Any CPU
		{AAF2218F-F2D0-45B1-9935-00F75A105DE1}.Release|Any CPU.ActiveCfg = Release|Any CPU
		{AAF2218F-F2D0-45B1-9935-00F75A105DE1}.Release|Any CPU.Build.0 = Release|Any CPU
	EndGlobalSection
	GlobalSection(SolutionProperties) = preSolution
		HideSolutionNode = FALSE
	EndGlobalSection
EndGlobal
